
Microsoft Visual Studio Solution File, Format Version 12.00
# Visual Studio 15
VisualStudioVersion = 15.0.26730.10
MinimumVisualStudioVersion = 10.0.40219.1

Project("{6EC3EE1D-3C4E-46DD-8F32-0CC8E7565705}") = "FabulusDemo", "FabulusDemo\FabulusDemo.fsproj", "{EB3559AE-2667-4142-B762-9609B06C630A}"
EndProject

Project("{F2A71F9B-5D33-465A-A702-920D77279786}") = "FabulusDemo.Android", "FabulusDemo.Android\FabulusDemo.Android.fsproj", "{3DAE93E7-F6F5-4362-9BB5-22BA3F7C201B}"
EndProject


Project("{F2A71F9B-5D33-465A-A702-920D77279786}") = "FabulusDemo.iOS", "FabulusDemo.iOS\FabulusDemo.iOS.fsproj", "{3DA5C8DB-1491-4A9E-9946-82A8C03CD77B}"
EndProject




Global
	GlobalSection(SolutionConfigurationPlatforms) = preSolution
		Ad-Hoc|Any CPU = Ad-Hoc|Any CPU
		Ad-Hoc|ARM = Ad-Hoc|ARM
		Ad-Hoc|iPhone = Ad-Hoc|iPhone
		Ad-Hoc|iPhoneSimulator = Ad-Hoc|iPhoneSimulator
		Ad-Hoc|x64 = Ad-Hoc|x64
		Ad-Hoc|x86 = Ad-Hoc|x86
		AppStore|Any CPU = AppStore|Any CPU
		AppStore|ARM = AppStore|ARM
		AppStore|iPhone = AppStore|iPhone
		AppStore|iPhoneSimulator = AppStore|iPhoneSimulator
		AppStore|x64 = AppStore|x64
		AppStore|x86 = AppStore|x86
		Debug|Any CPU = Debug|Any CPU
		Debug|ARM = Debug|ARM
		Debug|iPhone = Debug|iPhone
		Debug|iPhoneSimulator = Debug|iPhoneSimulator
		Debug|x64 = Debug|x64
		Debug|x86 = Debug|x86
		Release|Any CPU = Release|Any CPU
		Release|ARM = Release|ARM
		Release|iPhone = Release|iPhone
		Release|iPhoneSimulator = Release|iPhoneSimulator
		Release|x64 = Release|x64
		Release|x86 = Release|x86
	EndGlobalSection
	GlobalSection(ProjectConfigurationPlatforms) = postSolution
		{EB3559AE-2667-4142-B762-9609B06C630A}.Ad-Hoc|Any CPU.ActiveCfg = Debug|Any CPU
		{EB3559AE-2667-4142-B762-9609B06C630A}.Ad-Hoc|Any CPU.Build.0 = Debug|Any CPU
		{EB3559AE-2667-4142-B762-9609B06C630A}.Ad-Hoc|ARM.ActiveCfg = Debug|Any CPU
		{EB3559AE-2667-4142-B762-9609B06C630A}.Ad-Hoc|ARM.Build.0 = Debug|Any CPU
		{EB3559AE-2667-4142-B762-9609B06C630A}.Ad-Hoc|iPhone.ActiveCfg = Debug|Any CPU
		{EB3559AE-2667-4142-B762-9609B06C630A}.Ad-Hoc|iPhone.Build.0 = Debug|Any CPU
		{EB3559AE-2667-4142-B762-9609B06C630A}.Ad-Hoc|iPhoneSimulator.ActiveCfg = Debug|Any CPU
		{EB3559AE-2667-4142-B762-9609B06C630A}.Ad-Hoc|iPhoneSimulator.Build.0 = Debug|Any CPU
		{EB3559AE-2667-4142-B762-9609B06C630A}.Ad-Hoc|x64.ActiveCfg = Debug|Any CPU
		{EB3559AE-2667-4142-B762-9609B06C630A}.Ad-Hoc|x64.Build.0 = Debug|Any CPU
		{EB3559AE-2667-4142-B762-9609B06C630A}.Ad-Hoc|x86.ActiveCfg = Debug|Any CPU
		{EB3559AE-2667-4142-B762-9609B06C630A}.Ad-Hoc|x86.Build.0 = Debug|Any CPU
		{EB3559AE-2667-4142-B762-9609B06C630A}.AppStore|Any CPU.ActiveCfg = Debug|Any CPU
		{EB3559AE-2667-4142-B762-9609B06C630A}.AppStore|Any CPU.Build.0 = Debug|Any CPU
		{EB3559AE-2667-4142-B762-9609B06C630A}.AppStore|ARM.ActiveCfg = Debug|Any CPU
		{EB3559AE-2667-4142-B762-9609B06C630A}.AppStore|ARM.Build.0 = Debug|Any CPU
		{EB3559AE-2667-4142-B762-9609B06C630A}.AppStore|iPhone.ActiveCfg = Debug|Any CPU
		{EB3559AE-2667-4142-B762-9609B06C630A}.AppStore|iPhone.Build.0 = Debug|Any CPU
		{EB3559AE-2667-4142-B762-9609B06C630A}.AppStore|iPhoneSimulator.ActiveCfg = Debug|Any CPU
		{EB3559AE-2667-4142-B762-9609B06C630A}.AppStore|iPhoneSimulator.Build.0 = Debug|Any CPU
		{EB3559AE-2667-4142-B762-9609B06C630A}.AppStore|x64.ActiveCfg = Debug|Any CPU
		{EB3559AE-2667-4142-B762-9609B06C630A}.AppStore|x64.Build.0 = Debug|Any CPU
		{EB3559AE-2667-4142-B762-9609B06C630A}.AppStore|x86.ActiveCfg = Debug|Any CPU
		{EB3559AE-2667-4142-B762-9609B06C630A}.AppStore|x86.Build.0 = Debug|Any CPU
		{EB3559AE-2667-4142-B762-9609B06C630A}.Debug|Any CPU.ActiveCfg = Debug|Any CPU
		{EB3559AE-2667-4142-B762-9609B06C630A}.Debug|Any CPU.Build.0 = Debug|Any CPU
		{EB3559AE-2667-4142-B762-9609B06C630A}.Debug|ARM.ActiveCfg = Debug|Any CPU
		{EB3559AE-2667-4142-B762-9609B06C630A}.Debug|ARM.Build.0 = Debug|Any CPU
		{EB3559AE-2667-4142-B762-9609B06C630A}.Debug|iPhone.ActiveCfg = Debug|Any CPU
		{EB3559AE-2667-4142-B762-9609B06C630A}.Debug|iPhone.Build.0 = Debug|Any CPU
		{EB3559AE-2667-4142-B762-9609B06C630A}.Debug|iPhoneSimulator.ActiveCfg = Debug|Any CPU
		{EB3559AE-2667-4142-B762-9609B06C630A}.Debug|iPhoneSimulator.Build.0 = Debug|Any CPU
		{EB3559AE-2667-4142-B762-9609B06C630A}.Debug|x64.ActiveCfg = Debug|Any CPU
		{EB3559AE-2667-4142-B762-9609B06C630A}.Debug|x64.Build.0 = Debug|Any CPU
		{EB3559AE-2667-4142-B762-9609B06C630A}.Debug|x86.ActiveCfg = Debug|Any CPU
		{EB3559AE-2667-4142-B762-9609B06C630A}.Debug|x86.Build.0 = Debug|Any CPU
		{EB3559AE-2667-4142-B762-9609B06C630A}.Release|Any CPU.ActiveCfg = Release|Any CPU
		{EB3559AE-2667-4142-B762-9609B06C630A}.Release|Any CPU.Build.0 = Release|Any CPU
		{EB3559AE-2667-4142-B762-9609B06C630A}.Release|ARM.ActiveCfg = Release|Any CPU
		{EB3559AE-2667-4142-B762-9609B06C630A}.Release|ARM.Build.0 = Release|Any CPU
		{EB3559AE-2667-4142-B762-9609B06C630A}.Release|iPhone.ActiveCfg = Release|Any CPU
		{EB3559AE-2667-4142-B762-9609B06C630A}.Release|iPhone.Build.0 = Release|Any CPU
		{EB3559AE-2667-4142-B762-9609B06C630A}.Release|iPhoneSimulator.ActiveCfg = Release|Any CPU
		{EB3559AE-2667-4142-B762-9609B06C630A}.Release|iPhoneSimulator.Build.0 = Release|Any CPU
		{EB3559AE-2667-4142-B762-9609B06C630A}.Release|x64.ActiveCfg = Release|Any CPU
		{EB3559AE-2667-4142-B762-9609B06C630A}.Release|x64.Build.0 = Release|Any CPU
		{EB3559AE-2667-4142-B762-9609B06C630A}.Release|x86.ActiveCfg = Release|Any CPU
		{EB3559AE-2667-4142-B762-9609B06C630A}.Release|x86.Build.0 = Release|Any CPU
		{3DA5C8DB-1491-4A9E-9946-82A8C03CD77B}.Ad-Hoc|Any CPU.ActiveCfg = Ad-Hoc|iPhone
		{3DA5C8DB-1491-4A9E-9946-82A8C03CD77B}.Ad-Hoc|ARM.ActiveCfg = Ad-Hoc|iPhone
		{3DA5C8DB-1491-4A9E-9946-82A8C03CD77B}.Ad-Hoc|iPhone.ActiveCfg = Ad-Hoc|iPhone
		{3DA5C8DB-1491-4A9E-9946-82A8C03CD77B}.Ad-Hoc|iPhone.Build.0 = Ad-Hoc|iPhone
		{3DA5C8DB-1491-4A9E-9946-82A8C03CD77B}.Ad-Hoc|iPhoneSimulator.ActiveCfg = Ad-Hoc|iPhoneSimulator
		{3DA5C8DB-1491-4A9E-9946-82A8C03CD77B}.Ad-Hoc|iPhoneSimulator.Build.0 = Ad-Hoc|iPhoneSimulator
		{3DA5C8DB-1491-4A9E-9946-82A8C03CD77B}.Ad-Hoc|x64.ActiveCfg = Ad-Hoc|iPhone
		{3DA5C8DB-1491-4A9E-9946-82A8C03CD77B}.Ad-Hoc|x86.ActiveCfg = Ad-Hoc|iPhone
		{3DA5C8DB-1491-4A9E-9946-82A8C03CD77B}.AppStore|Any CPU.ActiveCfg = AppStore|iPhone
		{3DA5C8DB-1491-4A9E-9946-82A8C03CD77B}.AppStore|ARM.ActiveCfg = AppStore|iPhone
		{3DA5C8DB-1491-4A9E-9946-82A8C03CD77B}.AppStore|iPhone.ActiveCfg = AppStore|iPhone
		{3DA5C8DB-1491-4A9E-9946-82A8C03CD77B}.AppStore|iPhone.Build.0 = AppStore|iPhone
		{3DA5C8DB-1491-4A9E-9946-82A8C03CD77B}.AppStore|iPhoneSimulator.ActiveCfg = AppStore|iPhoneSimulator
		{3DA5C8DB-1491-4A9E-9946-82A8C03CD77B}.AppStore|iPhoneSimulator.Build.0 = AppStore|iPhoneSimulator
		{3DA5C8DB-1491-4A9E-9946-82A8C03CD77B}.AppStore|x64.ActiveCfg = AppStore|iPhone
		{3DA5C8DB-1491-4A9E-9946-82A8C03CD77B}.AppStore|x86.ActiveCfg = AppStore|iPhone
		{3DA5C8DB-1491-4A9E-9946-82A8C03CD77B}.Debug|Any CPU.ActiveCfg = Debug|iPhone
		{3DA5C8DB-1491-4A9E-9946-82A8C03CD77B}.Debug|ARM.ActiveCfg = Debug|iPhone
		{3DA5C8DB-1491-4A9E-9946-82A8C03CD77B}.Debug|iPhone.ActiveCfg = Debug|iPhone
		{3DA5C8DB-1491-4A9E-9946-82A8C03CD77B}.Debug|iPhone.Build.0 = Debug|iPhone
		{3DA5C8DB-1491-4A9E-9946-82A8C03CD77B}.Debug|iPhoneSimulator.ActiveCfg = Debug|iPhoneSimulator
		{3DA5C8DB-1491-4A9E-9946-82A8C03CD77B}.Debug|iPhoneSimulator.Build.0 = Debug|iPhoneSimulator
		{3DA5C8DB-1491-4A9E-9946-82A8C03CD77B}.Debug|x64.ActiveCfg = Debug|iPhone
		{3DA5C8DB-1491-4A9E-9946-82A8C03CD77B}.Debug|x86.ActiveCfg = Debug|iPhone
		{3DA5C8DB-1491-4A9E-9946-82A8C03CD77B}.Release|Any CPU.ActiveCfg = Release|iPhone
		{3DA5C8DB-1491-4A9E-9946-82A8C03CD77B}.Release|ARM.ActiveCfg = Release|iPhone
		{3DA5C8DB-1491-4A9E-9946-82A8C03CD77B}.Release|iPhone.ActiveCfg = Release|iPhone
		{3DA5C8DB-1491-4A9E-9946-82A8C03CD77B}.Release|iPhone.Build.0 = Release|iPhone
		{3DA5C8DB-1491-4A9E-9946-82A8C03CD77B}.Release|iPhoneSimulator.ActiveCfg = Release|iPhoneSimulator
		{3DA5C8DB-1491-4A9E-9946-82A8C03CD77B}.Release|iPhoneSimulator.Build.0 = Release|iPhoneSimulator
		{3DA5C8DB-1491-4A9E-9946-82A8C03CD77B}.Release|x64.ActiveCfg = Release|iPhone
		{3DA5C8DB-1491-4A9E-9946-82A8C03CD77B}.Release|x86.ActiveCfg = Release|iPhone
		{8088C1B9-8D82-4725-A4BE-F8BF988054C7}.Ad-Hoc|Any CPU.ActiveCfg = Release|x86
		{8088C1B9-8D82-4725-A4BE-F8BF988054C7}.Ad-Hoc|Any CPU.Build.0 = Release|x86
		{8088C1B9-8D82-4725-A4BE-F8BF988054C7}.Ad-Hoc|Any CPU.Deploy.0 = Release|x86
		{8088C1B9-8D82-4725-A4BE-F8BF988054C7}.Ad-Hoc|ARM.ActiveCfg = Release|ARM
		{8088C1B9-8D82-4725-A4BE-F8BF988054C7}.Ad-Hoc|ARM.Build.0 = Release|ARM
		{8088C1B9-8D82-4725-A4BE-F8BF988054C7}.Ad-Hoc|ARM.Deploy.0 = Release|ARM
		{8088C1B9-8D82-4725-A4BE-F8BF988054C7}.Ad-Hoc|iPhone.ActiveCfg = Release|x86
		{8088C1B9-8D82-4725-A4BE-F8BF988054C7}.Ad-Hoc|iPhone.Build.0 = Release|x86
		{8088C1B9-8D82-4725-A4BE-F8BF988054C7}.Ad-Hoc|iPhone.Deploy.0 = Release|x86
		{8088C1B9-8D82-4725-A4BE-F8BF988054C7}.Ad-Hoc|iPhoneSimulator.ActiveCfg = Release|x86
		{8088C1B9-8D82-4725-A4BE-F8BF988054C7}.Ad-Hoc|iPhoneSimulator.Build.0 = Release|x86
		{8088C1B9-8D82-4725-A4BE-F8BF988054C7}.Ad-Hoc|iPhoneSimulator.Deploy.0 = Release|x86
		{8088C1B9-8D82-4725-A4BE-F8BF988054C7}.Ad-Hoc|x64.ActiveCfg = Release|x64
		{8088C1B9-8D82-4725-A4BE-F8BF988054C7}.Ad-Hoc|x64.Build.0 = Release|x64
		{8088C1B9-8D82-4725-A4BE-F8BF988054C7}.Ad-Hoc|x64.Deploy.0 = Release|x64
		{8088C1B9-8D82-4725-A4BE-F8BF988054C7}.Ad-Hoc|x86.ActiveCfg = Release|x86
		{8088C1B9-8D82-4725-A4BE-F8BF988054C7}.Ad-Hoc|x86.Build.0 = Release|x86
		{8088C1B9-8D82-4725-A4BE-F8BF988054C7}.Ad-Hoc|x86.Deploy.0 = Release|x86
		{8088C1B9-8D82-4725-A4BE-F8BF988054C7}.AppStore|Any CPU.ActiveCfg = Release|x86
		{8088C1B9-8D82-4725-A4BE-F8BF988054C7}.AppStore|Any CPU.Build.0 = Release|x86
		{8088C1B9-8D82-4725-A4BE-F8BF988054C7}.AppStore|Any CPU.Deploy.0 = Release|x86
		{8088C1B9-8D82-4725-A4BE-F8BF988054C7}.AppStore|ARM.ActiveCfg = Release|ARM
		{8088C1B9-8D82-4725-A4BE-F8BF988054C7}.AppStore|ARM.Build.0 = Release|ARM
		{8088C1B9-8D82-4725-A4BE-F8BF988054C7}.AppStore|ARM.Deploy.0 = Release|ARM
		{8088C1B9-8D82-4725-A4BE-F8BF988054C7}.AppStore|iPhone.ActiveCfg = Release|x86
		{8088C1B9-8D82-4725-A4BE-F8BF988054C7}.AppStore|iPhone.Build.0 = Release|x86
		{8088C1B9-8D82-4725-A4BE-F8BF988054C7}.AppStore|iPhone.Deploy.0 = Release|x86
		{8088C1B9-8D82-4725-A4BE-F8BF988054C7}.AppStore|iPhoneSimulator.ActiveCfg = Release|x86
		{8088C1B9-8D82-4725-A4BE-F8BF988054C7}.AppStore|iPhoneSimulator.Build.0 = Release|x86
		{8088C1B9-8D82-4725-A4BE-F8BF988054C7}.AppStore|iPhoneSimulator.Deploy.0 = Release|x86
		{8088C1B9-8D82-4725-A4BE-F8BF988054C7}.AppStore|x64.ActiveCfg = Release|x64
		{8088C1B9-8D82-4725-A4BE-F8BF988054C7}.AppStore|x64.Build.0 = Release|x64
		{8088C1B9-8D82-4725-A4BE-F8BF988054C7}.AppStore|x64.Deploy.0 = Release|x64
		{8088C1B9-8D82-4725-A4BE-F8BF988054C7}.AppStore|x86.ActiveCfg = Release|x86
		{8088C1B9-8D82-4725-A4BE-F8BF988054C7}.AppStore|x86.Build.0 = Release|x86
		{8088C1B9-8D82-4725-A4BE-F8BF988054C7}.AppStore|x86.Deploy.0 = Release|x86
		{8088C1B9-8D82-4725-A4BE-F8BF988054C7}.Debug|Any CPU.ActiveCfg = Debug|x86
		{8088C1B9-8D82-4725-A4BE-F8BF988054C7}.Debug|ARM.ActiveCfg = Debug|ARM
		{8088C1B9-8D82-4725-A4BE-F8BF988054C7}.Debug|ARM.Build.0 = Debug|ARM
		{8088C1B9-8D82-4725-A4BE-F8BF988054C7}.Debug|ARM.Deploy.0 = Debug|ARM
		{8088C1B9-8D82-4725-A4BE-F8BF988054C7}.Debug|iPhone.ActiveCfg = Debug|x86
		{8088C1B9-8D82-4725-A4BE-F8BF988054C7}.Debug|iPhoneSimulator.ActiveCfg = Debug|x86
		{8088C1B9-8D82-4725-A4BE-F8BF988054C7}.Debug|x64.ActiveCfg = Debug|x64
		{8088C1B9-8D82-4725-A4BE-F8BF988054C7}.Debug|x64.Build.0 = Debug|x64
		{8088C1B9-8D82-4725-A4BE-F8BF988054C7}.Debug|x64.Deploy.0 = Debug|x64
		{8088C1B9-8D82-4725-A4BE-F8BF988054C7}.Debug|x86.ActiveCfg = Debug|x86
		{8088C1B9-8D82-4725-A4BE-F8BF988054C7}.Debug|x86.Build.0 = Debug|x86
		{8088C1B9-8D82-4725-A4BE-F8BF988054C7}.Debug|x86.Deploy.0 = Debug|x86
		{8088C1B9-8D82-4725-A4BE-F8BF988054C7}.Release|Any CPU.ActiveCfg = Release|x86
		{8088C1B9-8D82-4725-A4BE-F8BF988054C7}.Release|ARM.ActiveCfg = Release|ARM
		{8088C1B9-8D82-4725-A4BE-F8BF988054C7}.Release|ARM.Build.0 = Release|ARM
		{8088C1B9-8D82-4725-A4BE-F8BF988054C7}.Release|ARM.Deploy.0 = Release|ARM
		{8088C1B9-8D82-4725-A4BE-F8BF988054C7}.Release|iPhone.ActiveCfg = Release|x86
		{8088C1B9-8D82-4725-A4BE-F8BF988054C7}.Release|iPhoneSimulator.ActiveCfg = Release|x86
		{8088C1B9-8D82-4725-A4BE-F8BF988054C7}.Release|x64.ActiveCfg = Release|x64
		{8088C1B9-8D82-4725-A4BE-F8BF988054C7}.Release|x64.Build.0 = Release|x64
		{8088C1B9-8D82-4725-A4BE-F8BF988054C7}.Release|x64.Deploy.0 = Release|x64
		{8088C1B9-8D82-4725-A4BE-F8BF988054C7}.Release|x86.ActiveCfg = Release|x86
		{8088C1B9-8D82-4725-A4BE-F8BF988054C7}.Release|x86.Build.0 = Release|x86
		{8088C1B9-8D82-4725-A4BE-F8BF988054C7}.Release|x86.Deploy.0 = Release|x86
		{9054D4B3-AB67-4B3F-8B0C-EA18E4B7A6E7}.Ad-Hoc|Any CPU.ActiveCfg = Release|Any CPU
		{9054D4B3-AB67-4B3F-8B0C-EA18E4B7A6E7}.Ad-Hoc|Any CPU.Build.0 = Release|Any CPU
		{9054D4B3-AB67-4B3F-8B0C-EA18E4B7A6E7}.Ad-Hoc|ARM.ActiveCfg = Release|Any CPU
		{9054D4B3-AB67-4B3F-8B0C-EA18E4B7A6E7}.Ad-Hoc|ARM.Build.0 = Release|Any CPU
		{9054D4B3-AB67-4B3F-8B0C-EA18E4B7A6E7}.Ad-Hoc|iPhone.ActiveCfg = Release|Any CPU
		{9054D4B3-AB67-4B3F-8B0C-EA18E4B7A6E7}.Ad-Hoc|iPhone.Build.0 = Release|Any CPU
		{9054D4B3-AB67-4B3F-8B0C-EA18E4B7A6E7}.Ad-Hoc|iPhoneSimulator.ActiveCfg = Release|Any CPU
		{9054D4B3-AB67-4B3F-8B0C-EA18E4B7A6E7}.Ad-Hoc|iPhoneSimulator.Build.0 = Release|Any CPU
		{9054D4B3-AB67-4B3F-8B0C-EA18E4B7A6E7}.Ad-Hoc|x64.ActiveCfg = Release|Any CPU
		{9054D4B3-AB67-4B3F-8B0C-EA18E4B7A6E7}.Ad-Hoc|x64.Build.0 = Release|Any CPU
		{9054D4B3-AB67-4B3F-8B0C-EA18E4B7A6E7}.Ad-Hoc|x86.ActiveCfg = Release|Any CPU
		{9054D4B3-AB67-4B3F-8B0C-EA18E4B7A6E7}.Ad-Hoc|x86.Build.0 = Release|Any CPU
		{9054D4B3-AB67-4B3F-8B0C-EA18E4B7A6E7}.AppStore|Any CPU.ActiveCfg = Release|Any CPU
		{9054D4B3-AB67-4B3F-8B0C-EA18E4B7A6E7}.AppStore|Any CPU.Build.0 = Release|Any CPU
		{9054D4B3-AB67-4B3F-8B0C-EA18E4B7A6E7}.AppStore|ARM.ActiveCfg = Release|Any CPU
		{9054D4B3-AB67-4B3F-8B0C-EA18E4B7A6E7}.AppStore|ARM.Build.0 = Release|Any CPU
		{9054D4B3-AB67-4B3F-8B0C-EA18E4B7A6E7}.AppStore|iPhone.ActiveCfg = Release|Any CPU
		{9054D4B3-AB67-4B3F-8B0C-EA18E4B7A6E7}.AppStore|iPhone.Build.0 = Release|Any CPU
		{9054D4B3-AB67-4B3F-8B0C-EA18E4B7A6E7}.AppStore|iPhoneSimulator.ActiveCfg = Release|Any CPU
		{9054D4B3-AB67-4B3F-8B0C-EA18E4B7A6E7}.AppStore|iPhoneSimulator.Build.0 = Release|Any CPU
		{9054D4B3-AB67-4B3F-8B0C-EA18E4B7A6E7}.AppStore|x64.ActiveCfg = Release|Any CPU
		{9054D4B3-AB67-4B3F-8B0C-EA18E4B7A6E7}.AppStore|x64.Build.0 = Release|Any CPU
		{9054D4B3-AB67-4B3F-8B0C-EA18E4B7A6E7}.AppStore|x86.ActiveCfg = Release|Any CPU
		{9054D4B3-AB67-4B3F-8B0C-EA18E4B7A6E7}.AppStore|x86.Build.0 = Release|Any CPU
		{9054D4B3-AB67-4B3F-8B0C-EA18E4B7A6E7}.Debug|Any CPU.ActiveCfg = Debug|Any CPU
		{9054D4B3-AB67-4B3F-8B0C-EA18E4B7A6E7}.Debug|Any CPU.Build.0 = Debug|Any CPU
		{9054D4B3-AB67-4B3F-8B0C-EA18E4B7A6E7}.Debug|ARM.ActiveCfg = Debug|Any CPU
		{9054D4B3-AB67-4B3F-8B0C-EA18E4B7A6E7}.Debug|ARM.Build.0 = Debug|Any CPU
		{9054D4B3-AB67-4B3F-8B0C-EA18E4B7A6E7}.Debug|iPhone.ActiveCfg = Debug|Any CPU
		{9054D4B3-AB67-4B3F-8B0C-EA18E4B7A6E7}.Debug|iPhone.Build.0 = Debug|Any CPU
		{9054D4B3-AB67-4B3F-8B0C-EA18E4B7A6E7}.Debug|iPhoneSimulator.ActiveCfg = Debug|Any CPU
		{9054D4B3-AB67-4B3F-8B0C-EA18E4B7A6E7}.Debug|iPhoneSimulator.Build.0 = Debug|Any CPU
		{9054D4B3-AB67-4B3F-8B0C-EA18E4B7A6E7}.Debug|x64.ActiveCfg = Debug|Any CPU
		{9054D4B3-AB67-4B3F-8B0C-EA18E4B7A6E7}.Debug|x64.Build.0 = Debug|Any CPU
		{9054D4B3-AB67-4B3F-8B0C-EA18E4B7A6E7}.Debug|x86.ActiveCfg = Debug|Any CPU
		{9054D4B3-AB67-4B3F-8B0C-EA18E4B7A6E7}.Debug|x86.Build.0 = Debug|Any CPU
		{9054D4B3-AB67-4B3F-8B0C-EA18E4B7A6E7}.Release|Any CPU.ActiveCfg = Release|Any CPU
		{9054D4B3-AB67-4B3F-8B0C-EA18E4B7A6E7}.Release|Any CPU.Build.0 = Release|Any CPU
		{9054D4B3-AB67-4B3F-8B0C-EA18E4B7A6E7}.Release|ARM.ActiveCfg = Release|Any CPU
		{9054D4B3-AB67-4B3F-8B0C-EA18E4B7A6E7}.Release|ARM.Build.0 = Release|Any CPU
		{9054D4B3-AB67-4B3F-8B0C-EA18E4B7A6E7}.Release|iPhone.ActiveCfg = Release|Any CPU
		{9054D4B3-AB67-4B3F-8B0C-EA18E4B7A6E7}.Release|iPhone.Build.0 = Release|Any CPU
		{9054D4B3-AB67-4B3F-8B0C-EA18E4B7A6E7}.Release|iPhoneSimulator.ActiveCfg = Release|Any CPU
		{9054D4B3-AB67-4B3F-8B0C-EA18E4B7A6E7}.Release|iPhoneSimulator.Build.0 = Release|Any CPU
		{9054D4B3-AB67-4B3F-8B0C-EA18E4B7A6E7}.Release|x64.ActiveCfg = Release|Any CPU
		{9054D4B3-AB67-4B3F-8B0C-EA18E4B7A6E7}.Release|x64.Build.0 = Release|Any CPU
		{9054D4B3-AB67-4B3F-8B0C-EA18E4B7A6E7}.Release|x86.ActiveCfg = Release|Any CPU
		{9054D4B3-AB67-4B3F-8B0C-EA18E4B7A6E7}.Release|x86.Build.0 = Release|Any CPU
		{68E95F0F-0494-4104-8BD1-D864A850EB67}.Ad-Hoc|Any CPU.ActiveCfg = Release|Any CPU
		{68E95F0F-0494-4104-8BD1-D864A850EB67}.Ad-Hoc|Any CPU.Build.0 = Release|Any CPU
		{68E95F0F-0494-4104-8BD1-D864A850EB67}.Ad-Hoc|ARM.ActiveCfg = Release|Any CPU
		{68E95F0F-0494-4104-8BD1-D864A850EB67}.Ad-Hoc|ARM.Build.0 = Release|Any CPU
		{68E95F0F-0494-4104-8BD1-D864A850EB67}.Ad-Hoc|iPhone.ActiveCfg = Release|Any CPU
		{68E95F0F-0494-4104-8BD1-D864A850EB67}.Ad-Hoc|iPhone.Build.0 = Release|Any CPU
		{68E95F0F-0494-4104-8BD1-D864A850EB67}.Ad-Hoc|iPhoneSimulator.ActiveCfg = Release|Any CPU
		{68E95F0F-0494-4104-8BD1-D864A850EB67}.Ad-Hoc|iPhoneSimulator.Build.0 = Release|Any CPU
		{68E95F0F-0494-4104-8BD1-D864A850EB67}.Ad-Hoc|x64.ActiveCfg = Release|Any CPU
		{68E95F0F-0494-4104-8BD1-D864A850EB67}.Ad-Hoc|x64.Build.0 = Release|Any CPU
		{68E95F0F-0494-4104-8BD1-D864A850EB67}.Ad-Hoc|x86.ActiveCfg = Release|Any CPU
		{68E95F0F-0494-4104-8BD1-D864A850EB67}.Ad-Hoc|x86.Build.0 = Release|Any CPU
		{68E95F0F-0494-4104-8BD1-D864A850EB67}.AppStore|Any CPU.ActiveCfg = Release|Any CPU
		{68E95F0F-0494-4104-8BD1-D864A850EB67}.AppStore|Any CPU.Build.0 = Release|Any CPU
		{68E95F0F-0494-4104-8BD1-D864A850EB67}.AppStore|ARM.ActiveCfg = Release|Any CPU
		{68E95F0F-0494-4104-8BD1-D864A850EB67}.AppStore|ARM.Build.0 = Release|Any CPU
		{68E95F0F-0494-4104-8BD1-D864A850EB67}.AppStore|iPhone.ActiveCfg = Release|Any CPU
		{68E95F0F-0494-4104-8BD1-D864A850EB67}.AppStore|iPhone.Build.0 = Release|Any CPU
		{68E95F0F-0494-4104-8BD1-D864A850EB67}.AppStore|iPhoneSimulator.ActiveCfg = Release|Any CPU
		{68E95F0F-0494-4104-8BD1-D864A850EB67}.AppStore|iPhoneSimulator.Build.0 = Release|Any CPU
		{68E95F0F-0494-4104-8BD1-D864A850EB67}.AppStore|x64.ActiveCfg = Release|Any CPU
		{68E95F0F-0494-4104-8BD1-D864A850EB67}.AppStore|x64.Build.0 = Release|Any CPU
		{68E95F0F-0494-4104-8BD1-D864A850EB67}.AppStore|x86.ActiveCfg = Release|Any CPU
		{68E95F0F-0494-4104-8BD1-D864A850EB67}.AppStore|x86.Build.0 = Release|Any CPU
		{68E95F0F-0494-4104-8BD1-D864A850EB67}.Debug|Any CPU.ActiveCfg = Debug|Any CPU
		{68E95F0F-0494-4104-8BD1-D864A850EB67}.Debug|Any CPU.Build.0 = Debug|Any CPU
		{68E95F0F-0494-4104-8BD1-D864A850EB67}.Debug|ARM.ActiveCfg = Debug|Any CPU
		{68E95F0F-0494-4104-8BD1-D864A850EB67}.Debug|ARM.Build.0 = Debug|Any CPU
		{68E95F0F-0494-4104-8BD1-D864A850EB67}.Debug|iPhone.ActiveCfg = Debug|Any CPU
		{68E95F0F-0494-4104-8BD1-D864A850EB67}.Debug|iPhone.Build.0 = Debug|Any CPU
		{68E95F0F-0494-4104-8BD1-D864A850EB67}.Debug|iPhoneSimulator.ActiveCfg = Debug|Any CPU
		{68E95F0F-0494-4104-8BD1-D864A850EB67}.Debug|iPhoneSimulator.Build.0 = Debug|Any CPU
		{68E95F0F-0494-4104-8BD1-D864A850EB67}.Debug|x64.ActiveCfg = Debug|Any CPU
		{68E95F0F-0494-4104-8BD1-D864A850EB67}.Debug|x64.Build.0 = Debug|Any CPU
		{68E95F0F-0494-4104-8BD1-D864A850EB67}.Debug|x86.ActiveCfg = Debug|Any CPU
		{68E95F0F-0494-4104-8BD1-D864A850EB67}.Debug|x86.Build.0 = Debug|Any CPU
		{68E95F0F-0494-4104-8BD1-D864A850EB67}.Release|Any CPU.ActiveCfg = Release|Any CPU
		{68E95F0F-0494-4104-8BD1-D864A850EB67}.Release|Any CPU.Build.0 = Release|Any CPU
		{68E95F0F-0494-4104-8BD1-D864A850EB67}.Release|ARM.ActiveCfg = Release|Any CPU
		{68E95F0F-0494-4104-8BD1-D864A850EB67}.Release|ARM.Build.0 = Release|Any CPU
		{68E95F0F-0494-4104-8BD1-D864A850EB67}.Release|iPhone.ActiveCfg = Release|Any CPU
		{68E95F0F-0494-4104-8BD1-D864A850EB67}.Release|iPhone.Build.0 = Release|Any CPU
		{68E95F0F-0494-4104-8BD1-D864A850EB67}.Release|iPhoneSimulator.ActiveCfg = Release|Any CPU
		{68E95F0F-0494-4104-8BD1-D864A850EB67}.Release|iPhoneSimulator.Build.0 = Release|Any CPU
		{68E95F0F-0494-4104-8BD1-D864A850EB67}.Release|x64.ActiveCfg = Release|Any CPU
		{68E95F0F-0494-4104-8BD1-D864A850EB67}.Release|x64.Build.0 = Release|Any CPU
		{68E95F0F-0494-4104-8BD1-D864A850EB67}.Release|x86.ActiveCfg = Release|Any CPU
		{68E95F0F-0494-4104-8BD1-D864A850EB67}.Release|x86.Build.0 = Release|Any CPU
		{3DAE93E7-F6F5-4362-9BB5-22BA3F7C201B}.Ad-Hoc|Any CPU.ActiveCfg = Release|Any CPU
		{3DAE93E7-F6F5-4362-9BB5-22BA3F7C201B}.Ad-Hoc|Any CPU.Build.0 = Release|Any CPU
		{3DAE93E7-F6F5-4362-9BB5-22BA3F7C201B}.Ad-Hoc|ARM.ActiveCfg = Release|Any CPU
		{3DAE93E7-F6F5-4362-9BB5-22BA3F7C201B}.Ad-Hoc|ARM.Build.0 = Release|Any CPU
		{3DAE93E7-F6F5-4362-9BB5-22BA3F7C201B}.Ad-Hoc|iPhone.ActiveCfg = Release|Any CPU
		{3DAE93E7-F6F5-4362-9BB5-22BA3F7C201B}.Ad-Hoc|iPhone.Build.0 = Release|Any CPU
		{3DAE93E7-F6F5-4362-9BB5-22BA3F7C201B}.Ad-Hoc|iPhoneSimulator.ActiveCfg = Release|Any CPU
		{3DAE93E7-F6F5-4362-9BB5-22BA3F7C201B}.Ad-Hoc|iPhoneSimulator.Build.0 = Release|Any CPU
		{3DAE93E7-F6F5-4362-9BB5-22BA3F7C201B}.Ad-Hoc|x64.ActiveCfg = Release|Any CPU
		{3DAE93E7-F6F5-4362-9BB5-22BA3F7C201B}.Ad-Hoc|x64.Build.0 = Release|Any CPU
		{3DAE93E7-F6F5-4362-9BB5-22BA3F7C201B}.Ad-Hoc|x86.ActiveCfg = Release|Any CPU
		{3DAE93E7-F6F5-4362-9BB5-22BA3F7C201B}.Ad-Hoc|x86.Build.0 = Release|Any CPU
		{3DAE93E7-F6F5-4362-9BB5-22BA3F7C201B}.AppStore|Any CPU.ActiveCfg = Release|Any CPU
		{3DAE93E7-F6F5-4362-9BB5-22BA3F7C201B}.AppStore|Any CPU.Build.0 = Release|Any CPU
		{3DAE93E7-F6F5-4362-9BB5-22BA3F7C201B}.AppStore|ARM.ActiveCfg = Release|Any CPU
		{3DAE93E7-F6F5-4362-9BB5-22BA3F7C201B}.AppStore|ARM.Build.0 = Release|Any CPU
		{3DAE93E7-F6F5-4362-9BB5-22BA3F7C201B}.AppStore|iPhone.ActiveCfg = Release|Any CPU
		{3DAE93E7-F6F5-4362-9BB5-22BA3F7C201B}.AppStore|iPhone.Build.0 = Release|Any CPU
		{3DAE93E7-F6F5-4362-9BB5-22BA3F7C201B}.AppStore|iPhoneSimulator.ActiveCfg = Release|Any CPU
		{3DAE93E7-F6F5-4362-9BB5-22BA3F7C201B}.AppStore|iPhoneSimulator.Build.0 = Release|Any CPU
		{3DAE93E7-F6F5-4362-9BB5-22BA3F7C201B}.AppStore|x64.ActiveCfg = Release|Any CPU
		{3DAE93E7-F6F5-4362-9BB5-22BA3F7C201B}.AppStore|x64.Build.0 = Release|Any CPU
		{3DAE93E7-F6F5-4362-9BB5-22BA3F7C201B}.AppStore|x86.ActiveCfg = Release|Any CPU
		{3DAE93E7-F6F5-4362-9BB5-22BA3F7C201B}.AppStore|x86.Build.0 = Release|Any CPU
		{3DAE93E7-F6F5-4362-9BB5-22BA3F7C201B}.Debug|Any CPU.ActiveCfg = Debug|Any CPU
		{3DAE93E7-F6F5-4362-9BB5-22BA3F7C201B}.Debug|Any CPU.Build.0 = Debug|Any CPU
		{3DAE93E7-F6F5-4362-9BB5-22BA3F7C201B}.Debug|Any CPU.Deploy.0 = Debug|Any CPU
		{3DAE93E7-F6F5-4362-9BB5-22BA3F7C201B}.Debug|ARM.ActiveCfg = Debug|Any CPU
		{3DAE93E7-F6F5-4362-9BB5-22BA3F7C201B}.Debug|ARM.Build.0 = Debug|Any CPU
		{3DAE93E7-F6F5-4362-9BB5-22BA3F7C201B}.Debug|iPhone.ActiveCfg = Debug|Any CPU
		{3DAE93E7-F6F5-4362-9BB5-22BA3F7C201B}.Debug|iPhone.Build.0 = Debug|Any CPU
		{3DAE93E7-F6F5-4362-9BB5-22BA3F7C201B}.Debug|iPhoneSimulator.ActiveCfg = Debug|Any CPU
		{3DAE93E7-F6F5-4362-9BB5-22BA3F7C201B}.Debug|iPhoneSimulator.Build.0 = Debug|Any CPU
		{3DAE93E7-F6F5-4362-9BB5-22BA3F7C201B}.Debug|x64.ActiveCfg = Debug|Any CPU
		{3DAE93E7-F6F5-4362-9BB5-22BA3F7C201B}.Debug|x64.Build.0 = Debug|Any CPU
		{3DAE93E7-F6F5-4362-9BB5-22BA3F7C201B}.Debug|x86.ActiveCfg = Debug|Any CPU
		{3DAE93E7-F6F5-4362-9BB5-22BA3F7C201B}.Debug|x86.Build.0 = Debug|Any CPU
		{3DAE93E7-F6F5-4362-9BB5-22BA3F7C201B}.Release|Any CPU.ActiveCfg = Release|Any CPU
		{3DAE93E7-F6F5-4362-9BB5-22BA3F7C201B}.Release|Any CPU.Build.0 = Release|Any CPU
		{3DAE93E7-F6F5-4362-9BB5-22BA3F7C201B}.Release|Any CPU.Deploy.0 = Release|Any CPU
		{3DAE93E7-F6F5-4362-9BB5-22BA3F7C201B}.Release|ARM.ActiveCfg = Release|Any CPU
		{3DAE93E7-F6F5-4362-9BB5-22BA3F7C201B}.Release|ARM.Build.0 = Release|Any CPU
		{3DAE93E7-F6F5-4362-9BB5-22BA3F7C201B}.Release|iPhone.ActiveCfg = Release|Any CPU
		{3DAE93E7-F6F5-4362-9BB5-22BA3F7C201B}.Release|iPhone.Build.0 = Release|Any CPU
		{3DAE93E7-F6F5-4362-9BB5-22BA3F7C201B}.Release|iPhoneSimulator.ActiveCfg = Release|Any CPU
		{3DAE93E7-F6F5-4362-9BB5-22BA3F7C201B}.Release|iPhoneSimulator.Build.0 = Release|Any CPU
		{3DAE93E7-F6F5-4362-9BB5-22BA3F7C201B}.Release|x64.ActiveCfg = Release|Any CPU
		{3DAE93E7-F6F5-4362-9BB5-22BA3F7C201B}.Release|x64.Build.0 = Release|Any CPU
		{3DAE93E7-F6F5-4362-9BB5-22BA3F7C201B}.Release|x86.ActiveCfg = Release|Any CPU
		{3DAE93E7-F6F5-4362-9BB5-22BA3F7C201B}.Release|x86.Build.0 = Release|Any CPU
		{970E4F65-1A7F-48F3-8E24-F2A5B1C11E84}.Ad-Hoc|Any CPU.ActiveCfg = Release|Any CPU
		{970E4F65-1A7F-48F3-8E24-F2A5B1C11E84}.Ad-Hoc|Any CPU.Build.0 = Release|Any CPU
		{970E4F65-1A7F-48F3-8E24-F2A5B1C11E84}.Ad-Hoc|ARM.ActiveCfg = Release|Any CPU
		{970E4F65-1A7F-48F3-8E24-F2A5B1C11E84}.Ad-Hoc|ARM.Build.0 = Release|Any CPU
		{970E4F65-1A7F-48F3-8E24-F2A5B1C11E84}.Ad-Hoc|iPhone.ActiveCfg = Release|Any CPU
		{970E4F65-1A7F-48F3-8E24-F2A5B1C11E84}.Ad-Hoc|iPhone.Build.0 = Release|Any CPU
		{970E4F65-1A7F-48F3-8E24-F2A5B1C11E84}.Ad-Hoc|iPhoneSimulator.ActiveCfg = Release|Any CPU
		{970E4F65-1A7F-48F3-8E24-F2A5B1C11E84}.Ad-Hoc|iPhoneSimulator.Build.0 = Release|Any CPU
		{970E4F65-1A7F-48F3-8E24-F2A5B1C11E84}.Ad-Hoc|x64.ActiveCfg = Release|Any CPU
		{970E4F65-1A7F-48F3-8E24-F2A5B1C11E84}.Ad-Hoc|x64.Build.0 = Release|Any CPU
		{970E4F65-1A7F-48F3-8E24-F2A5B1C11E84}.Ad-Hoc|x86.ActiveCfg = Release|Any CPU
		{970E4F65-1A7F-48F3-8E24-F2A5B1C11E84}.Ad-Hoc|x86.Build.0 = Release|Any CPU
		{970E4F65-1A7F-48F3-8E24-F2A5B1C11E84}.AppStore|Any CPU.ActiveCfg = Release|Any CPU
		{970E4F65-1A7F-48F3-8E24-F2A5B1C11E84}.AppStore|Any CPU.Build.0 = Release|Any CPU
		{970E4F65-1A7F-48F3-8E24-F2A5B1C11E84}.AppStore|ARM.ActiveCfg = Release|Any CPU
		{970E4F65-1A7F-48F3-8E24-F2A5B1C11E84}.AppStore|ARM.Build.0 = Release|Any CPU
		{970E4F65-1A7F-48F3-8E24-F2A5B1C11E84}.AppStore|iPhone.ActiveCfg = Release|Any CPU
		{970E4F65-1A7F-48F3-8E24-F2A5B1C11E84}.AppStore|iPhone.Build.0 = Release|Any CPU
		{970E4F65-1A7F-48F3-8E24-F2A5B1C11E84}.AppStore|iPhoneSimulator.ActiveCfg = Release|Any CPU
		{970E4F65-1A7F-48F3-8E24-F2A5B1C11E84}.AppStore|iPhoneSimulator.Build.0 = Release|Any CPU
		{970E4F65-1A7F-48F3-8E24-F2A5B1C11E84}.AppStore|x64.ActiveCfg = Release|Any CPU
		{970E4F65-1A7F-48F3-8E24-F2A5B1C11E84}.AppStore|x64.Build.0 = Release|Any CPU
		{970E4F65-1A7F-48F3-8E24-F2A5B1C11E84}.AppStore|x86.ActiveCfg = Release|Any CPU
		{970E4F65-1A7F-48F3-8E24-F2A5B1C11E84}.AppStore|x86.Build.0 = Release|Any CPU
		{970E4F65-1A7F-48F3-8E24-F2A5B1C11E84}.Debug|Any CPU.ActiveCfg = Debug|Any CPU
		{970E4F65-1A7F-48F3-8E24-F2A5B1C11E84}.Debug|Any CPU.Build.0 = Debug|Any CPU
		{970E4F65-1A7F-48F3-8E24-F2A5B1C11E84}.Debug|ARM.ActiveCfg = Debug|Any CPU
		{970E4F65-1A7F-48F3-8E24-F2A5B1C11E84}.Debug|ARM.Build.0 = Debug|Any CPU
		{970E4F65-1A7F-48F3-8E24-F2A5B1C11E84}.Debug|iPhone.ActiveCfg = Debug|Any CPU
		{970E4F65-1A7F-48F3-8E24-F2A5B1C11E84}.Debug|iPhone.Build.0 = Debug|Any CPU
		{970E4F65-1A7F-48F3-8E24-F2A5B1C11E84}.Debug|iPhoneSimulator.ActiveCfg = Debug|Any CPU
		{970E4F65-1A7F-48F3-8E24-F2A5B1C11E84}.Debug|iPhoneSimulator.Build.0 = Debug|Any CPU
		{970E4F65-1A7F-48F3-8E24-F2A5B1C11E84}.Debug|x64.ActiveCfg = Debug|Any CPU
		{970E4F65-1A7F-48F3-8E24-F2A5B1C11E84}.Debug|x64.Build.0 = Debug|Any CPU
		{970E4F65-1A7F-48F3-8E24-F2A5B1C11E84}.Debug|x86.ActiveCfg = Debug|Any CPU
		{970E4F65-1A7F-48F3-8E24-F2A5B1C11E84}.Debug|x86.Build.0 = Debug|Any CPU
		{970E4F65-1A7F-48F3-8E24-F2A5B1C11E84}.Release|Any CPU.ActiveCfg = Release|Any CPU
		{970E4F65-1A7F-48F3-8E24-F2A5B1C11E84}.Release|Any CPU.Build.0 = Release|Any CPU
		{970E4F65-1A7F-48F3-8E24-F2A5B1C11E84}.Release|ARM.ActiveCfg = Release|Any CPU
		{970E4F65-1A7F-48F3-8E24-F2A5B1C11E84}.Release|ARM.Build.0 = Release|Any CPU
		{970E4F65-1A7F-48F3-8E24-F2A5B1C11E84}.Release|iPhone.ActiveCfg = Release|Any CPU
		{970E4F65-1A7F-48F3-8E24-F2A5B1C11E84}.Release|iPhone.Build.0 = Release|Any CPU
		{970E4F65-1A7F-48F3-8E24-F2A5B1C11E84}.Release|iPhoneSimulator.ActiveCfg = Release|Any CPU
		{970E4F65-1A7F-48F3-8E24-F2A5B1C11E84}.Release|iPhoneSimulator.Build.0 = Release|Any CPU
		{970E4F65-1A7F-48F3-8E24-F2A5B1C11E84}.Release|x64.ActiveCfg = Release|Any CPU
		{970E4F65-1A7F-48F3-8E24-F2A5B1C11E84}.Release|x64.Build.0 = Release|Any CPU
		{970E4F65-1A7F-48F3-8E24-F2A5B1C11E84}.Release|x86.ActiveCfg = Release|Any CPU
		{970E4F65-1A7F-48F3-8E24-F2A5B1C11E84}.Release|x86.Build.0 = Release|Any CPU
		{646C4B98-4E84-493C-BCFC-92F7C634453C}.Ad-Hoc|Any CPU.ActiveCfg = Release|x64
		{646C4B98-4E84-493C-BCFC-92F7C634453C}.Ad-Hoc|Any CPU.Build.0 = Release|x64
		{646C4B98-4E84-493C-BCFC-92F7C634453C}.Ad-Hoc|Any CPU.Deploy.0 = Release|x64
		{646C4B98-4E84-493C-BCFC-92F7C634453C}.Ad-Hoc|ARM.ActiveCfg = Release|ARM
		{646C4B98-4E84-493C-BCFC-92F7C634453C}.Ad-Hoc|ARM.Build.0 = Release|ARM
		{646C4B98-4E84-493C-BCFC-92F7C634453C}.Ad-Hoc|ARM.Deploy.0 = Release|ARM
		{646C4B98-4E84-493C-BCFC-92F7C634453C}.Ad-Hoc|ARM64.ActiveCfg = Release|ARM64
		{646C4B98-4E84-493C-BCFC-92F7C634453C}.Ad-Hoc|ARM64.Build.0 = Release|ARM64
		{646C4B98-4E84-493C-BCFC-92F7C634453C}.Ad-Hoc|ARM64.Deploy.0 = Release|ARM64
		{646C4B98-4E84-493C-BCFC-92F7C634453C}.Ad-Hoc|iPhone.ActiveCfg = Release|x64
		{646C4B98-4E84-493C-BCFC-92F7C634453C}.Ad-Hoc|iPhone.Build.0 = Release|x64
		{646C4B98-4E84-493C-BCFC-92F7C634453C}.Ad-Hoc|iPhone.Deploy.0 = Release|x64
		{646C4B98-4E84-493C-BCFC-92F7C634453C}.Ad-Hoc|iPhoneSimulator.ActiveCfg = Release|x64
		{646C4B98-4E84-493C-BCFC-92F7C634453C}.Ad-Hoc|iPhoneSimulator.Build.0 = Release|x64
		{646C4B98-4E84-493C-BCFC-92F7C634453C}.Ad-Hoc|iPhoneSimulator.Deploy.0 = Release|x64
		{646C4B98-4E84-493C-BCFC-92F7C634453C}.Ad-Hoc|x64.ActiveCfg = Release|x64
		{646C4B98-4E84-493C-BCFC-92F7C634453C}.Ad-Hoc|x64.Build.0 = Release|x64
		{646C4B98-4E84-493C-BCFC-92F7C634453C}.Ad-Hoc|x64.Deploy.0 = Release|x64
		{646C4B98-4E84-493C-BCFC-92F7C634453C}.Ad-Hoc|x86.ActiveCfg = Release|x86
		{646C4B98-4E84-493C-BCFC-92F7C634453C}.Ad-Hoc|x86.Build.0 = Release|x86
		{646C4B98-4E84-493C-BCFC-92F7C634453C}.Ad-Hoc|x86.Deploy.0 = Release|x86
		{646C4B98-4E84-493C-BCFC-92F7C634453C}.AppStore|Any CPU.ActiveCfg = Release|x64
		{646C4B98-4E84-493C-BCFC-92F7C634453C}.AppStore|Any CPU.Build.0 = Release|x64
		{646C4B98-4E84-493C-BCFC-92F7C634453C}.AppStore|Any CPU.Deploy.0 = Release|x64
		{646C4B98-4E84-493C-BCFC-92F7C634453C}.AppStore|ARM.ActiveCfg = Release|ARM
		{646C4B98-4E84-493C-BCFC-92F7C634453C}.AppStore|ARM.Build.0 = Release|ARM
		{646C4B98-4E84-493C-BCFC-92F7C634453C}.AppStore|ARM.Deploy.0 = Release|ARM
		{646C4B98-4E84-493C-BCFC-92F7C634453C}.AppStore|ARM64.ActiveCfg = Release|ARM64
		{646C4B98-4E84-493C-BCFC-92F7C634453C}.AppStore|ARM64.Build.0 = Release|ARM64
		{646C4B98-4E84-493C-BCFC-92F7C634453C}.AppStore|ARM64.Deploy.0 = Release|ARM64
		{646C4B98-4E84-493C-BCFC-92F7C634453C}.AppStore|iPhone.ActiveCfg = Release|x64
		{646C4B98-4E84-493C-BCFC-92F7C634453C}.AppStore|iPhone.Build.0 = Release|x64
		{646C4B98-4E84-493C-BCFC-92F7C634453C}.AppStore|iPhone.Deploy.0 = Release|x64
		{646C4B98-4E84-493C-BCFC-92F7C634453C}.AppStore|iPhoneSimulator.ActiveCfg = Release|x64
		{646C4B98-4E84-493C-BCFC-92F7C634453C}.AppStore|iPhoneSimulator.Build.0 = Release|x64
		{646C4B98-4E84-493C-BCFC-92F7C634453C}.AppStore|iPhoneSimulator.Deploy.0 = Release|x64
		{646C4B98-4E84-493C-BCFC-92F7C634453C}.AppStore|x64.ActiveCfg = Release|x64
		{646C4B98-4E84-493C-BCFC-92F7C634453C}.AppStore|x64.Build.0 = Release|x64
		{646C4B98-4E84-493C-BCFC-92F7C634453C}.AppStore|x64.Deploy.0 = Release|x64
		{646C4B98-4E84-493C-BCFC-92F7C634453C}.AppStore|x86.ActiveCfg = Release|x86
		{646C4B98-4E84-493C-BCFC-92F7C634453C}.AppStore|x86.Build.0 = Release|x86
		{646C4B98-4E84-493C-BCFC-92F7C634453C}.AppStore|x86.Deploy.0 = Release|x86
		{646C4B98-4E84-493C-BCFC-92F7C634453C}.Debug|Any CPU.ActiveCfg = Debug|x86
		{646C4B98-4E84-493C-BCFC-92F7C634453C}.Debug|ARM.ActiveCfg = Debug|ARM
		{646C4B98-4E84-493C-BCFC-92F7C634453C}.Debug|ARM.Build.0 = Debug|ARM
		{646C4B98-4E84-493C-BCFC-92F7C634453C}.Debug|ARM.Deploy.0 = Debug|ARM
		{646C4B98-4E84-493C-BCFC-92F7C634453C}.Debug|ARM64.ActiveCfg = Debug|ARM64
		{646C4B98-4E84-493C-BCFC-92F7C634453C}.Debug|ARM64.Build.0 = Debug|ARM64
		{646C4B98-4E84-493C-BCFC-92F7C634453C}.Debug|ARM64.Deploy.0 = Debug|ARM64
		{646C4B98-4E84-493C-BCFC-92F7C634453C}.Debug|iPhone.ActiveCfg = Debug|x86
		{646C4B98-4E84-493C-BCFC-92F7C634453C}.Debug|iPhoneSimulator.ActiveCfg = Debug|x86
		{646C4B98-4E84-493C-BCFC-92F7C634453C}.Debug|x64.ActiveCfg = Debug|x64
		{646C4B98-4E84-493C-BCFC-92F7C634453C}.Debug|x64.Build.0 = Debug|x64
		{646C4B98-4E84-493C-BCFC-92F7C634453C}.Debug|x64.Deploy.0 = Debug|x64
		{646C4B98-4E84-493C-BCFC-92F7C634453C}.Debug|x86.ActiveCfg = Debug|x86
		{646C4B98-4E84-493C-BCFC-92F7C634453C}.Debug|x86.Build.0 = Debug|x86
		{646C4B98-4E84-493C-BCFC-92F7C634453C}.Debug|x86.Deploy.0 = Debug|x86
		{646C4B98-4E84-493C-BCFC-92F7C634453C}.Release|Any CPU.ActiveCfg = Release|x86
		{646C4B98-4E84-493C-BCFC-92F7C634453C}.Release|ARM.ActiveCfg = Release|ARM
		{646C4B98-4E84-493C-BCFC-92F7C634453C}.Release|ARM.Build.0 = Release|ARM
		{646C4B98-4E84-493C-BCFC-92F7C634453C}.Release|ARM.Deploy.0 = Release|ARM
		{646C4B98-4E84-493C-BCFC-92F7C634453C}.Release|ARM64.ActiveCfg = Release|ARM64
		{646C4B98-4E84-493C-BCFC-92F7C634453C}.Release|ARM64.Build.0 = Release|ARM64
		{646C4B98-4E84-493C-BCFC-92F7C634453C}.Release|ARM64.Deploy.0 = Release|ARM64
		{646C4B98-4E84-493C-BCFC-92F7C634453C}.Release|iPhone.ActiveCfg = Release|x86
		{646C4B98-4E84-493C-BCFC-92F7C634453C}.Release|iPhoneSimulator.ActiveCfg = Release|x86
		{646C4B98-4E84-493C-BCFC-92F7C634453C}.Release|x64.ActiveCfg = Release|x64
		{646C4B98-4E84-493C-BCFC-92F7C634453C}.Release|x64.Build.0 = Release|x64
		{646C4B98-4E84-493C-BCFC-92F7C634453C}.Release|x64.Deploy.0 = Release|x64
		{646C4B98-4E84-493C-BCFC-92F7C634453C}.Release|x86.ActiveCfg = Release|x86
		{646C4B98-4E84-493C-BCFC-92F7C634453C}.Release|x86.Build.0 = Release|x86
		{646C4B98-4E84-493C-BCFC-92F7C634453C}.Release|x86.Deploy.0 = Release|x86
	EndGlobalSection
	GlobalSection(SolutionProperties) = preSolution
		HideSolutionNode = FALSE
	EndGlobalSection
	GlobalSection(ExtensibilityGlobals) = postSolution
		SolutionGuid = {F6D05029-56B8-4E45-AF2D-0E76295DDBA2}
	EndGlobalSection
EndGlobal
